
Microsoft Visual Studio Solution File, Format Version 12.00
# Visual Studio Version 17
VisualStudioVersion = 17.5.002.0
MinimumVisualStudioVersion = 10.0.40219.1
Project("{2150E333-8FDC-42A3-9474-1A3956D46DE8}") = "windows_template_for_lamm_c_sharp", "windows_template_for_lamm_c_sharp", "{B9B3CEB7-F01D-487B-BEB1-E7BAA80B9307}"
EndProject
Project("{9A19103F-16F7-4668-BE54-9A1E7A4F7556}") = "windows_template_for_lamm_c_sharp", "windows_template_for_lamm_c_sharp\build\windows_template_for_lamm_c_sharp.csproj", "{870B9F79-4328-49C1-BB5C-FC14E7AF4B08}"
EndProject
Project("{9A19103F-16F7-4668-BE54-9A1E7A4F7556}") = "windows_template_for_lamm_c_sharp (1)", "windows_template_for_lamm_c_sharp\windows_template_for_lamm_c_sharp\windows_template_for_lamm_c_sharp.csproj", "{82CCD7E6-3189-4A48-8540-3E81704CE0CF}"
EndProject
Project("{2150E333-8FDC-42A3-9474-1A3956D46DE8}") = "windows_template_for_lamm_c_sharp (2)", "windows_template_for_lamm_c_sharp", "{9513EAE0-6509-47C0-B47A-12086D99180E}"
EndProject
Project("{2150E333-8FDC-42A3-9474-1A3956D46DE8}") = "Src", "Src", "{D1D8D26F-5461-433F-9058-A109D2CDDFB9}"
EndProject
Project("{2150E333-8FDC-42A3-9474-1A3956D46DE8}") = "NamedTestMain", "NamedTestMain", "{2A24B177-0537-436A-8B50-57E876E43B0D}"
EndProject
Project("{9A19103F-16F7-4668-BE54-9A1E7A4F7556}") = "AlgorithmsUtilityTestMain", "windows_template_for_lamm_c_sharp\windows_template_for_lamm_c_sharp\Src\NamedTestMain\AlgorithmsUtilityTestMain\AlgorithmsUtilityTestMain.csproj", "{22C5C668-9781-427F-B881-41C04E7D147C}"
EndProject
Global
	GlobalSection(SolutionConfigurationPlatforms) = preSolution
		Debug|Any CPU = Debug|Any CPU
		Release|Any CPU = Release|Any CPU
	EndGlobalSection
	GlobalSection(ProjectConfigurationPlatforms) = postSolution
		{870B9F79-4328-49C1-BB5C-FC14E7AF4B08}.Debug|Any CPU.ActiveCfg = Debug|Any CPU
		{870B9F79-4328-49C1-BB5C-FC14E7AF4B08}.Debug|Any CPU.Build.0 = Debug|Any CPU
		{870B9F79-4328-49C1-BB5C-FC14E7AF4B08}.Release|Any CPU.ActiveCfg = Release|Any CPU
		{870B9F79-4328-49C1-BB5C-FC14E7AF4B08}.Release|Any CPU.Build.0 = Release|Any CPU
		{82CCD7E6-3189-4A48-8540-3E81704CE0CF}.Debug|Any CPU.ActiveCfg = Debug|Any CPU
		{82CCD7E6-3189-4A48-8540-3E81704CE0CF}.Debug|Any CPU.Build.0 = Debug|Any CPU
		{82CCD7E6-3189-4A48-8540-3E81704CE0CF}.Release|Any CPU.ActiveCfg = Release|Any CPU
		{82CCD7E6-3189-4A48-8540-3E81704CE0CF}.Release|Any CPU.Build.0 = Release|Any CPU
		{22C5C668-9781-427F-B881-41C04E7D147C}.Debug|Any CPU.ActiveCfg = Debug|Any CPU
		{22C5C668-9781-427F-B881-41C04E7D147C}.Debug|Any CPU.Build.0 = Debug|Any CPU
		{22C5C668-9781-427F-B881-41C04E7D147C}.Release|Any CPU.ActiveCfg = Release|Any CPU
		{22C5C668-9781-427F-B881-41C04E7D147C}.Release|Any CPU.Build.0 = Release|Any CPU
	EndGlobalSection
	GlobalSection(SolutionProperties) = preSolution
		HideSolutionNode = FALSE
	EndGlobalSection
	GlobalSection(NestedProjects) = preSolution
		{870B9F79-4328-49C1-BB5C-FC14E7AF4B08} = {B9B3CEB7-F01D-487B-BEB1-E7BAA80B9307}
		{82CCD7E6-3189-4A48-8540-3E81704CE0CF} = {B9B3CEB7-F01D-487B-BEB1-E7BAA80B9307}
		{9513EAE0-6509-47C0-B47A-12086D99180E} = {B9B3CEB7-F01D-487B-BEB1-E7BAA80B9307}
		{D1D8D26F-5461-433F-9058-A109D2CDDFB9} = {9513EAE0-6509-47C0-B47A-12086D99180E}
		{2A24B177-0537-436A-8B50-57E876E43B0D} = {D1D8D26F-5461-433F-9058-A109D2CDDFB9}
		{22C5C668-9781-427F-B881-41C04E7D147C} = {2A24B177-0537-436A-8B50-57E876E43B0D}
	EndGlobalSection
	GlobalSection(ExtensibilityGlobals) = postSolution
		SolutionGuid = {B34FFD68-1286-440F-B5A6-F2819CE2D638}
	EndGlobalSection
EndGlobal
