
Microsoft Visual Studio Solution File, Format Version 12.00
# Visual Studio Version 17
VisualStudioVersion = 17.5.002.0
MinimumVisualStudioVersion = 10.0.40219.1
Project("{2150E333-8FDC-42A3-9474-1A3956D46DE8}") = "windows_template_for_lamm_c_sharp", "windows_template_for_lamm_c_sharp", "{97A4D5C2-1EDE-425B-9BBF-AF2CD5456DF2}"
EndProject
Project("{9A19103F-16F7-4668-BE54-9A1E7A4F7556}") = "windows_template_for_lamm_c_sharp", "windows_template_for_lamm_c_sharp\windows_template_for_lamm_c_sharp\windows_template_for_lamm_c_sharp.csproj", "{A40CB987-A675-4D1A-9A4A-AC8B9ADC6111}"
EndProject
Project("{2150E333-8FDC-42A3-9474-1A3956D46DE8}") = "windows_template_for_lamm_c_sharp (1)", "windows_template_for_lamm_c_sharp", "{B8948367-52C3-48DD-9BFC-4D0D8DE310D7}"
EndProject
Project("{2150E333-8FDC-42A3-9474-1A3956D46DE8}") = "Src", "Src", "{A9518257-27C8-4FBB-9765-BE3AAFBC7561}"
EndProject
Project("{2150E333-8FDC-42A3-9474-1A3956D46DE8}") = "NamedTestMain", "NamedTestMain", "{8A929492-0E09-419E-9E42-668DB7B9E781}"
EndProject
Project("{9A19103F-16F7-4668-BE54-9A1E7A4F7556}") = "AlgorithmsUtilityTestMain", "windows_template_for_lamm_c_sharp\windows_template_for_lamm_c_sharp\Src\NamedTestMain\AlgorithmsUtilityTestMain\AlgorithmsUtilityTestMain.csproj", "{8B516D3C-6FCF-4E45-909B-26AFEA1FB436}"
EndProject
Global
	GlobalSection(SolutionConfigurationPlatforms) = preSolution
		Debug|Any CPU = Debug|Any CPU
		Release|Any CPU = Release|Any CPU
	EndGlobalSection
	GlobalSection(ProjectConfigurationPlatforms) = postSolution
		{A40CB987-A675-4D1A-9A4A-AC8B9ADC6111}.Debug|Any CPU.ActiveCfg = Debug|Any CPU
		{A40CB987-A675-4D1A-9A4A-AC8B9ADC6111}.Debug|Any CPU.Build.0 = Debug|Any CPU
		{A40CB987-A675-4D1A-9A4A-AC8B9ADC6111}.Release|Any CPU.ActiveCfg = Release|Any CPU
		{A40CB987-A675-4D1A-9A4A-AC8B9ADC6111}.Release|Any CPU.Build.0 = Release|Any CPU
		{8B516D3C-6FCF-4E45-909B-26AFEA1FB436}.Debug|Any CPU.ActiveCfg = Debug|Any CPU
		{8B516D3C-6FCF-4E45-909B-26AFEA1FB436}.Debug|Any CPU.Build.0 = Debug|Any CPU
		{8B516D3C-6FCF-4E45-909B-26AFEA1FB436}.Release|Any CPU.ActiveCfg = Release|Any CPU
		{8B516D3C-6FCF-4E45-909B-26AFEA1FB436}.Release|Any CPU.Build.0 = Release|Any CPU
	EndGlobalSection
	GlobalSection(SolutionProperties) = preSolution
		HideSolutionNode = FALSE
	EndGlobalSection
	GlobalSection(NestedProjects) = preSolution
		{A40CB987-A675-4D1A-9A4A-AC8B9ADC6111} = {97A4D5C2-1EDE-425B-9BBF-AF2CD5456DF2}
		{B8948367-52C3-48DD-9BFC-4D0D8DE310D7} = {97A4D5C2-1EDE-425B-9BBF-AF2CD5456DF2}
		{A9518257-27C8-4FBB-9765-BE3AAFBC7561} = {B8948367-52C3-48DD-9BFC-4D0D8DE310D7}
		{8A929492-0E09-419E-9E42-668DB7B9E781} = {A9518257-27C8-4FBB-9765-BE3AAFBC7561}
		{8B516D3C-6FCF-4E45-909B-26AFEA1FB436} = {8A929492-0E09-419E-9E42-668DB7B9E781}
	EndGlobalSection
	GlobalSection(ExtensibilityGlobals) = postSolution
		SolutionGuid = {25D56BA5-E692-4011-9F15-2F4E1FDC25A7}
	EndGlobalSection
EndGlobal
